
Microsoft Visual Studio Solution File, Format Version 12.00
# Visual Studio Version 17
VisualStudioVersion = 17.1.32210.238
MinimumVisualStudioVersion = 10.0.40219.1
Project("{9A19103F-16F7-4668-BE54-9A1E7A4F7556}") = "AlgorythmsChapter", "AlgorythmsChapter\AlgorythmsChapter.csproj", "{EFCAE0DD-3106-46BD-9754-D21E0680E3F5}"
EndProject
Project("{9A19103F-16F7-4668-BE54-9A1E7A4F7556}") = "TestAlgorytms", "TestAlgorytms\TestAlgorytms.csproj", "{8AB65EC8-FA6C-4FDE-90C2-D99CE478B23E}"
EndProject
Project("{9A19103F-16F7-4668-BE54-9A1E7A4F7556}") = "TestAlgorythms", "TestAlgorythms\TestAlgorythms.csproj", "{C94EC585-045B-45AD-8663-FEC67AE1FA6A}"
EndProject
Project("{FAE04EC0-301F-11D3-BF4B-00C04F79EFBC}") = "TestAlgorythmsProject", "TestAlgorythmsProject\TestAlgorythmsProject.csproj", "{C299F2FE-AF01-4D54-B7A5-65EAA03CE4F3}"
EndProject
Project("{FAE04EC0-301F-11D3-BF4B-00C04F79EFBC}") = "DataStructures", "DataStructures\DataStructures.csproj", "{D83AEF78-F7A3-4E98-9C85-73CECA898664}"
EndProject
Global
	GlobalSection(SolutionConfigurationPlatforms) = preSolution
		Debug|Any CPU = Debug|Any CPU
		Release|Any CPU = Release|Any CPU
	EndGlobalSection
	GlobalSection(ProjectConfigurationPlatforms) = postSolution
		{EFCAE0DD-3106-46BD-9754-D21E0680E3F5}.Debug|Any CPU.ActiveCfg = Debug|Any CPU
		{EFCAE0DD-3106-46BD-9754-D21E0680E3F5}.Debug|Any CPU.Build.0 = Debug|Any CPU
		{EFCAE0DD-3106-46BD-9754-D21E0680E3F5}.Release|Any CPU.ActiveCfg = Release|Any CPU
		{EFCAE0DD-3106-46BD-9754-D21E0680E3F5}.Release|Any CPU.Build.0 = Release|Any CPU
		{8AB65EC8-FA6C-4FDE-90C2-D99CE478B23E}.Debug|Any CPU.ActiveCfg = Debug|Any CPU
		{8AB65EC8-FA6C-4FDE-90C2-D99CE478B23E}.Debug|Any CPU.Build.0 = Debug|Any CPU
		{8AB65EC8-FA6C-4FDE-90C2-D99CE478B23E}.Release|Any CPU.ActiveCfg = Release|Any CPU
		{8AB65EC8-FA6C-4FDE-90C2-D99CE478B23E}.Release|Any CPU.Build.0 = Release|Any CPU
		{C94EC585-045B-45AD-8663-FEC67AE1FA6A}.Debug|Any CPU.ActiveCfg = Debug|Any CPU
		{C94EC585-045B-45AD-8663-FEC67AE1FA6A}.Debug|Any CPU.Build.0 = Debug|Any CPU
		{C94EC585-045B-45AD-8663-FEC67AE1FA6A}.Release|Any CPU.ActiveCfg = Release|Any CPU
		{C94EC585-045B-45AD-8663-FEC67AE1FA6A}.Release|Any CPU.Build.0 = Release|Any CPU
		{C299F2FE-AF01-4D54-B7A5-65EAA03CE4F3}.Debug|Any CPU.ActiveCfg = Debug|Any CPU
		{C299F2FE-AF01-4D54-B7A5-65EAA03CE4F3}.Debug|Any CPU.Build.0 = Debug|Any CPU
		{C299F2FE-AF01-4D54-B7A5-65EAA03CE4F3}.Release|Any CPU.ActiveCfg = Release|Any CPU
		{C299F2FE-AF01-4D54-B7A5-65EAA03CE4F3}.Release|Any CPU.Build.0 = Release|Any CPU
		{D83AEF78-F7A3-4E98-9C85-73CECA898664}.Debug|Any CPU.ActiveCfg = Debug|Any CPU
		{D83AEF78-F7A3-4E98-9C85-73CECA898664}.Debug|Any CPU.Build.0 = Debug|Any CPU
		{D83AEF78-F7A3-4E98-9C85-73CECA898664}.Release|Any CPU.ActiveCfg = Release|Any CPU
		{D83AEF78-F7A3-4E98-9C85-73CECA898664}.Release|Any CPU.Build.0 = Release|Any CPU
	EndGlobalSection
	GlobalSection(SolutionProperties) = preSolution
		HideSolutionNode = FALSE
	EndGlobalSection
	GlobalSection(ExtensibilityGlobals) = postSolution
		SolutionGuid = {95DBBACE-98CC-4EB3-BABA-AE87009C40F9}
	EndGlobalSection
EndGlobal
